
Microsoft Visual Studio Solution File, Format Version 12.00
# Visual Studio Version 16
VisualStudioVersion = 16.0.31105.61
MinimumVisualStudioVersion = 10.0.40219.1
Project("{FAE04EC0-301F-11D3-BF4B-00C04F79EFBC}") = "Entities", "Entities\Entities.csproj", "{144899C6-A36D-4F34-B524-AB8657E5DFE0}"
EndProject
Project("{FAE04EC0-301F-11D3-BF4B-00C04F79EFBC}") = "Core", "Core\Core.csproj", "{581BF2D2-CF4D-48C4-88B6-A9C70698E785}"
EndProject
Project("{FAE04EC0-301F-11D3-BF4B-00C04F79EFBC}") = "DataAccess", "DataAccess\DataAccess.csproj", "{588EE283-9D0B-4A65-A597-59615CD63122}"
EndProject
Global
	GlobalSection(SolutionConfigurationPlatforms) = preSolution
		Debug|Any CPU = Debug|Any CPU
		Release|Any CPU = Release|Any CPU
	EndGlobalSection
	GlobalSection(ProjectConfigurationPlatforms) = postSolution
		{144899C6-A36D-4F34-B524-AB8657E5DFE0}.Debug|Any CPU.ActiveCfg = Debug|Any CPU
		{144899C6-A36D-4F34-B524-AB8657E5DFE0}.Debug|Any CPU.Build.0 = Debug|Any CPU
		{144899C6-A36D-4F34-B524-AB8657E5DFE0}.Release|Any CPU.ActiveCfg = Release|Any CPU
		{144899C6-A36D-4F34-B524-AB8657E5DFE0}.Release|Any CPU.Build.0 = Release|Any CPU
		{581BF2D2-CF4D-48C4-88B6-A9C70698E785}.Debug|Any CPU.ActiveCfg = Debug|Any CPU
		{581BF2D2-CF4D-48C4-88B6-A9C70698E785}.Debug|Any CPU.Build.0 = Debug|Any CPU
		{581BF2D2-CF4D-48C4-88B6-A9C70698E785}.Release|Any CPU.ActiveCfg = Release|Any CPU
		{581BF2D2-CF4D-48C4-88B6-A9C70698E785}.Release|Any CPU.Build.0 = Release|Any CPU
		{588EE283-9D0B-4A65-A597-59615CD63122}.Debug|Any CPU.ActiveCfg = Debug|Any CPU
		{588EE283-9D0B-4A65-A597-59615CD63122}.Debug|Any CPU.Build.0 = Debug|Any CPU
		{588EE283-9D0B-4A65-A597-59615CD63122}.Release|Any CPU.ActiveCfg = Release|Any CPU
		{588EE283-9D0B-4A65-A597-59615CD63122}.Release|Any CPU.Build.0 = Release|Any CPU
	EndGlobalSection
	GlobalSection(SolutionProperties) = preSolution
		HideSolutionNode = FALSE
	EndGlobalSection
	GlobalSection(ExtensibilityGlobals) = postSolution
		SolutionGuid = {28C1346C-E4A5-442C-96BA-639465E1AF4B}
	EndGlobalSection
EndGlobal
